
Microsoft Visual Studio Solution File, Format Version 12.00
# Visual Studio Version 17
VisualStudioVersion = 17.13.35931.197
MinimumVisualStudioVersion = 10.0.40219.1
Project("{FAE04EC0-301F-11D3-BF4B-00C04F79EFBC}") = "FirstGrpc", "FirstGrpc\FirstGrpc.csproj", "{940AC1B5-A75C-4508-BBA5-5A856AB84C4F}"
EndProject
Project("{FAE04EC0-301F-11D3-BF4B-00C04F79EFBC}") = "Client", "Client\Client.csproj", "{B8EDF664-FF55-445C-B8EE-AF04B318024F}"
EndProject
Project("{FAE04EC0-301F-11D3-BF4B-00C04F79EFBC}") = "MvcClient", "MvcClient\MvcClient.csproj", "{FF443615-3A6E-49E5-990C-115AF57824A0}"
EndProject
Project("{FAE04EC0-301F-11D3-BF4B-00C04F79EFBC}") = "FirstGrpc.Tests", "FirstGrpc.Tests\FirstGrpc.Tests.csproj", "{D4DC0BFD-3E1A-4CC2-8ECE-C17096633D63}"
EndProject
Global
	GlobalSection(SolutionConfigurationPlatforms) = preSolution
		Debug|Any CPU = Debug|Any CPU
		Release|Any CPU = Release|Any CPU
	EndGlobalSection
	GlobalSection(ProjectConfigurationPlatforms) = postSolution
		{940AC1B5-A75C-4508-BBA5-5A856AB84C4F}.Debug|Any CPU.ActiveCfg = Debug|Any CPU
		{940AC1B5-A75C-4508-BBA5-5A856AB84C4F}.Debug|Any CPU.Build.0 = Debug|Any CPU
		{940AC1B5-A75C-4508-BBA5-5A856AB84C4F}.Release|Any CPU.ActiveCfg = Release|Any CPU
		{940AC1B5-A75C-4508-BBA5-5A856AB84C4F}.Release|Any CPU.Build.0 = Release|Any CPU
		{B8EDF664-FF55-445C-B8EE-AF04B318024F}.Debug|Any CPU.ActiveCfg = Debug|Any CPU
		{B8EDF664-FF55-445C-B8EE-AF04B318024F}.Debug|Any CPU.Build.0 = Debug|Any CPU
		{B8EDF664-FF55-445C-B8EE-AF04B318024F}.Release|Any CPU.ActiveCfg = Release|Any CPU
		{B8EDF664-FF55-445C-B8EE-AF04B318024F}.Release|Any CPU.Build.0 = Release|Any CPU
		{FF443615-3A6E-49E5-990C-115AF57824A0}.Debug|Any CPU.ActiveCfg = Debug|Any CPU
		{FF443615-3A6E-49E5-990C-115AF57824A0}.Debug|Any CPU.Build.0 = Debug|Any CPU
		{FF443615-3A6E-49E5-990C-115AF57824A0}.Release|Any CPU.ActiveCfg = Release|Any CPU
		{FF443615-3A6E-49E5-990C-115AF57824A0}.Release|Any CPU.Build.0 = Release|Any CPU
		{D4DC0BFD-3E1A-4CC2-8ECE-C17096633D63}.Debug|Any CPU.ActiveCfg = Debug|Any CPU
		{D4DC0BFD-3E1A-4CC2-8ECE-C17096633D63}.Debug|Any CPU.Build.0 = Debug|Any CPU
		{D4DC0BFD-3E1A-4CC2-8ECE-C17096633D63}.Release|Any CPU.ActiveCfg = Release|Any CPU
		{D4DC0BFD-3E1A-4CC2-8ECE-C17096633D63}.Release|Any CPU.Build.0 = Release|Any CPU
	EndGlobalSection
	GlobalSection(SolutionProperties) = preSolution
		HideSolutionNode = FALSE
	EndGlobalSection
	GlobalSection(ExtensibilityGlobals) = postSolution
		SolutionGuid = {254E3CCB-260F-4FCA-A0AA-AD8F6FA2F6E2}
	EndGlobalSection
EndGlobal
